
Microsoft Visual Studio Solution File, Format Version 12.00
# Visual Studio Version 16
VisualStudioVersion = 16.0.29424.173
MinimumVisualStudioVersion = 10.0.40219.1
Project("{2150E333-8FDC-42A3-9474-1A3956D46DE8}") = "src", "src", "{6C7B821D-9D49-47FD-AD07-9B8A7A81F241}"
EndProject
Project("{2150E333-8FDC-42A3-9474-1A3956D46DE8}") = "test", "test", "{EA6273A9-3C2B-47AD-AEFF-C4ADF3EED4F7}"
EndProject
Project("{2150E333-8FDC-42A3-9474-1A3956D46DE8}") = "misc", "misc", "{A304C22C-EB6E-4BC6-ABD1-1CFCA1D3FDAE}"
	ProjectSection(SolutionItems) = preProject
		misc\changelog.txt = misc\changelog.txt
		misc\links.txt = misc\links.txt
		misc\test-ipv6-regex.pl = misc\test-ipv6-regex.pl
		misc\todo.txt = misc\todo.txt
	EndProjectSection
EndProject
Project("{2150E333-8FDC-42A3-9474-1A3956D46DE8}") = "nuget", "nuget", "{104E58A9-2C08-4588-92E2-D406FD36AD28}"
	ProjectSection(SolutionItems) = preProject
		nuget\TauCode.Parsing.nuspec = nuget\TauCode.Parsing.nuspec
	EndProjectSection
EndProject
Project("{9A19103F-16F7-4668-BE54-9A1E7A4F7556}") = "TauCode.Parsing", "src\TauCode.Parsing\TauCode.Parsing.csproj", "{F45FDF86-44A9-452A-91D6-649720B36CB3}"
EndProject
Project("{2150E333-8FDC-42A3-9474-1A3956D46DE8}") = "build", "build", "{EE410700-6878-48C4-9F82-50AA99F0ED73}"
	ProjectSection(SolutionItems) = preProject
		build\azure-pipelines-dev.yml = build\azure-pipelines-dev.yml
		build\azure-pipelines.yml = build\azure-pipelines.yml
	EndProjectSection
EndProject
Project("{9A19103F-16F7-4668-BE54-9A1E7A4F7556}") = "TauCode.Parsing.Tests", "test\TauCode.Parsing.Tests\TauCode.Parsing.Tests.csproj", "{03357654-2421-4DC5-AF02-3BFE67573420}"
EndProject
Project("{2150E333-8FDC-42A3-9474-1A3956D46DE8}") = "tau-lab", "tau-lab", "{29FAAE8A-01AD-4140-96B2-8919BD0DA385}"
EndProject
Project("{2150E333-8FDC-42A3-9474-1A3956D46DE8}") = "test-lab", "test-lab", "{B1A99703-1C1E-4E72-A52F-1C92638BB557}"
EndProject
Project("{FAE04EC0-301F-11D3-BF4B-00C04F79EFBC}") = "TauCode.Lab.Extensions", "tau-lab\TauCode.Lab.Extensions\TauCode.Lab.Extensions.csproj", "{3BA969F6-B9AD-47D5-813C-575F577B308E}"
EndProject
Project("{FAE04EC0-301F-11D3-BF4B-00C04F79EFBC}") = "TauCode.Lab.Parsing.Utility", "tau-lab\TauCode.Lab.Parsing.Utility\TauCode.Lab.Parsing.Utility.csproj", "{BFCEEE61-B36A-4683-AC48-05C566DE1281}"
EndProject
Project("{FAE04EC0-301F-11D3-BF4B-00C04F79EFBC}") = "TauCode.Lab.Extensions.Tests", "test-lab\TauCode.Lab.Extensions.Tests\TauCode.Lab.Extensions.Tests.csproj", "{C4BB50CB-D83A-4037-82B5-B54AF6CD15C1}"
EndProject
Project("{FAE04EC0-301F-11D3-BF4B-00C04F79EFBC}") = "TauCode.Lab.Parsing.Utility.Tests", "test-lab\TauCode.Lab.Parsing.Utility.Tests\TauCode.Lab.Parsing.Utility.Tests.csproj", "{ED798C76-CB02-486E-88AF-405FAA4D538F}"
EndProject
Global
	GlobalSection(SolutionConfigurationPlatforms) = preSolution
		Debug|Any CPU = Debug|Any CPU
		Release|Any CPU = Release|Any CPU
	EndGlobalSection
	GlobalSection(ProjectConfigurationPlatforms) = postSolution
		{F45FDF86-44A9-452A-91D6-649720B36CB3}.Debug|Any CPU.ActiveCfg = Debug|Any CPU
		{F45FDF86-44A9-452A-91D6-649720B36CB3}.Debug|Any CPU.Build.0 = Debug|Any CPU
		{F45FDF86-44A9-452A-91D6-649720B36CB3}.Release|Any CPU.ActiveCfg = Release|Any CPU
		{F45FDF86-44A9-452A-91D6-649720B36CB3}.Release|Any CPU.Build.0 = Release|Any CPU
		{03357654-2421-4DC5-AF02-3BFE67573420}.Debug|Any CPU.ActiveCfg = Debug|Any CPU
		{03357654-2421-4DC5-AF02-3BFE67573420}.Debug|Any CPU.Build.0 = Debug|Any CPU
		{03357654-2421-4DC5-AF02-3BFE67573420}.Release|Any CPU.ActiveCfg = Release|Any CPU
		{03357654-2421-4DC5-AF02-3BFE67573420}.Release|Any CPU.Build.0 = Release|Any CPU
		{3BA969F6-B9AD-47D5-813C-575F577B308E}.Debug|Any CPU.ActiveCfg = Debug|Any CPU
		{3BA969F6-B9AD-47D5-813C-575F577B308E}.Debug|Any CPU.Build.0 = Debug|Any CPU
		{3BA969F6-B9AD-47D5-813C-575F577B308E}.Release|Any CPU.ActiveCfg = Release|Any CPU
		{3BA969F6-B9AD-47D5-813C-575F577B308E}.Release|Any CPU.Build.0 = Release|Any CPU
		{BFCEEE61-B36A-4683-AC48-05C566DE1281}.Debug|Any CPU.ActiveCfg = Debug|Any CPU
		{BFCEEE61-B36A-4683-AC48-05C566DE1281}.Debug|Any CPU.Build.0 = Debug|Any CPU
		{BFCEEE61-B36A-4683-AC48-05C566DE1281}.Release|Any CPU.ActiveCfg = Release|Any CPU
		{BFCEEE61-B36A-4683-AC48-05C566DE1281}.Release|Any CPU.Build.0 = Release|Any CPU
		{C4BB50CB-D83A-4037-82B5-B54AF6CD15C1}.Debug|Any CPU.ActiveCfg = Debug|Any CPU
		{C4BB50CB-D83A-4037-82B5-B54AF6CD15C1}.Debug|Any CPU.Build.0 = Debug|Any CPU
		{C4BB50CB-D83A-4037-82B5-B54AF6CD15C1}.Release|Any CPU.ActiveCfg = Release|Any CPU
		{C4BB50CB-D83A-4037-82B5-B54AF6CD15C1}.Release|Any CPU.Build.0 = Release|Any CPU
		{ED798C76-CB02-486E-88AF-405FAA4D538F}.Debug|Any CPU.ActiveCfg = Debug|Any CPU
		{ED798C76-CB02-486E-88AF-405FAA4D538F}.Debug|Any CPU.Build.0 = Debug|Any CPU
		{ED798C76-CB02-486E-88AF-405FAA4D538F}.Release|Any CPU.ActiveCfg = Release|Any CPU
		{ED798C76-CB02-486E-88AF-405FAA4D538F}.Release|Any CPU.Build.0 = Release|Any CPU
	EndGlobalSection
	GlobalSection(SolutionProperties) = preSolution
		HideSolutionNode = FALSE
	EndGlobalSection
	GlobalSection(NestedProjects) = preSolution
		{F45FDF86-44A9-452A-91D6-649720B36CB3} = {6C7B821D-9D49-47FD-AD07-9B8A7A81F241}
		{03357654-2421-4DC5-AF02-3BFE67573420} = {EA6273A9-3C2B-47AD-AEFF-C4ADF3EED4F7}
		{3BA969F6-B9AD-47D5-813C-575F577B308E} = {29FAAE8A-01AD-4140-96B2-8919BD0DA385}
		{BFCEEE61-B36A-4683-AC48-05C566DE1281} = {29FAAE8A-01AD-4140-96B2-8919BD0DA385}
		{C4BB50CB-D83A-4037-82B5-B54AF6CD15C1} = {B1A99703-1C1E-4E72-A52F-1C92638BB557}
		{ED798C76-CB02-486E-88AF-405FAA4D538F} = {B1A99703-1C1E-4E72-A52F-1C92638BB557}
	EndGlobalSection
	GlobalSection(ExtensibilityGlobals) = postSolution
		SolutionGuid = {D05FF35E-F455-4502-B560-D25313D00BD8}
	EndGlobalSection
EndGlobal
